
Microsoft Visual Studio Solution File, Format Version 12.00
# Visual Studio 2012
Project("{FAE04EC0-301F-11D3-BF4B-00C04F79EFBC}") = "Mirnes", "Mirnes\Mirnes.csproj", "{34EE486E-2538-4078-A3A1-7DE05BF658BC}"
EndProject
Global
	GlobalSection(SolutionConfigurationPlatforms) = preSolution
		Debug|Any CPU = Debug|Any CPU
		Release|Any CPU = Release|Any CPU
	EndGlobalSection
	GlobalSection(ProjectConfigurationPlatforms) = postSolution
		{34EE486E-2538-4078-A3A1-7DE05BF658BC}.Debug|Any CPU.ActiveCfg = Debug|Any CPU
		{34EE486E-2538-4078-A3A1-7DE05BF658BC}.Debug|Any CPU.Build.0 = Debug|Any CPU
		{34EE486E-2538-4078-A3A1-7DE05BF658BC}.Release|Any CPU.ActiveCfg = Release|Any CPU
		{34EE486E-2538-4078-A3A1-7DE05BF658BC}.Release|Any CPU.Build.0 = Release|Any CPU
	EndGlobalSection
	GlobalSection(SolutionProperties) = preSolution
		HideSolutionNode = FALSE
	EndGlobalSection
EndGlobal
